<?xml version="1.0" encoding="utf-8"?>
<Project ToolsVersion="4.0" xmlns="http://schemas.microsoft.com/developer/msbuild/2003">
  <ItemGroup>
    <Filter Include="Source Files">
      <UniqueIdentifier>{4FC737F1-C7A5-4376-A066-2A32D752A2FF}</UniqueIdentifier>
      <Extensions>cpp;c;cc;cxx;def;odl;idl;hpj;bat;asm;asmx</Extensions>
    </Filter>
    <Filter Include="Header Files">
      <UniqueIdentifier>{93995380-89BD-4b04-88EB-625FBE52EBFB}</UniqueIdentifier>
      <Extensions>h;hpp;hxx;hm;inl;inc;xsd</Extensions>
    </Filter>
    <Filter Include="Resource Files">
      <UniqueIdentifier>{67DA6AB6-F800-4c08-8B7A-83BB121AAD01}</UniqueIdentifier>
      <Extensions>rc;ico;cur;bmp;dlg;rc2;rct;bin;rgs;gif;jpg;jpeg;jpe;resx;tiff;tif;png;wav</Extensions>
    </Filter>
  </ItemGroup>
  <ItemGroup>
    <ClCompile Include="bbox.cpp">
      <Filter>Source Files</Filter>
    </ClCompile>
    <ClCompile Include="body.cpp">
      <Filter>Source Files</Filter>
    </ClCompile>
    <ClCompile Include="bsphere.cpp">
      <Filter>Source Files</Filter>
    </ClCompile>
    <ClCompile Include="device.cpp">
      <Filter>Source Files</Filter>
    </ClCompile>
    <ClCompile Include="fileloader.cpp">
      <Filter>Source Files</Filter>
    </ClCompile>
    <ClCompile Include="freewill.cpp">
      <Filter>Source Files</Filter>
    </ClCompile>
    <ClCompile Include="kinebone.cpp">
      <Filter>Source Files</Filter>
    </ClCompile>
    <ClCompile Include="kinefile.cpp">
      <Filter>Source Files</Filter>
    </ClCompile>
    <ClCompile Include="KineReader.cpp">
      <Filter>Source Files</Filter>
    </ClCompile>
    <ClCompile Include="material.cpp">
      <Filter>Source Files</Filter>
    </ClCompile>
    <ClCompile Include="matrix.cpp">
      <Filter>Source Files</Filter>
    </ClCompile>
    <ClCompile Include="mesh.cpp">
      <Filter>Source Files</Filter>
    </ClCompile>
    <ClCompile Include="meshdict.cpp">
      <Filter>Source Files</Filter>
    </ClCompile>
    <ClCompile Include="scene.cpp">
      <Filter>Source Files</Filter>
    </ClCompile>
    <ClCompile Include="sceneacc.cpp">
      <Filter>Source Files</Filter>
    </ClCompile>
    <ClCompile Include="sceneobj.cpp">
      <Filter>Source Files</Filter>
    </ClCompile>
    <ClCompile Include="stdafx.cpp">
      <Filter>Source Files</Filter>
    </ClCompile>
    <ClCompile Include="strformat.cpp">
      <Filter>Source Files</Filter>
    </ClCompile>
  </ItemGroup>
  <ItemGroup>
    <ClInclude Include="bbox.h">
      <Filter>Header Files</Filter>
    </ClInclude>
    <ClInclude Include="body.h">
      <Filter>Header Files</Filter>
    </ClInclude>
    <ClInclude Include="bsphere.h">
      <Filter>Header Files</Filter>
    </ClInclude>
    <ClInclude Include="device.h">
      <Filter>Header Files</Filter>
    </ClInclude>
    <ClInclude Include="fileloader.h">
      <Filter>Header Files</Filter>
    </ClInclude>
    <ClInclude Include="kinebone.h">
      <Filter>Header Files</Filter>
    </ClInclude>
    <ClInclude Include="kinefile.h">
      <Filter>Header Files</Filter>
    </ClInclude>
    <ClInclude Include="kinereader.h">
      <Filter>Header Files</Filter>
    </ClInclude>
    <ClInclude Include="kinetemplate.h">
      <Filter>Header Files</Filter>
    </ClInclude>
    <ClInclude Include="material.h">
      <Filter>Header Files</Filter>
    </ClInclude>
    <ClInclude Include="matrix.h">
      <Filter>Header Files</Filter>
    </ClInclude>
    <ClInclude Include="mesh.h">
      <Filter>Header Files</Filter>
    </ClInclude>
    <ClInclude Include="meshdict.h">
      <Filter>Header Files</Filter>
    </ClInclude>
    <ClInclude Include="scene.h">
      <Filter>Header Files</Filter>
    </ClInclude>
    <ClInclude Include="sceneacc.h">
      <Filter>Header Files</Filter>
    </ClInclude>
    <ClInclude Include="sceneobj.h">
      <Filter>Header Files</Filter>
    </ClInclude>
    <ClInclude Include="stdafx.h">
      <Filter>Header Files</Filter>
    </ClInclude>
    <ClInclude Include="strformat.h">
      <Filter>Header Files</Filter>
    </ClInclude>
  </ItemGroup>
  <ItemGroup>
    <Midl Include="idl\bodyplus.idl">
      <Filter>Source Files</Filter>
    </Midl>
    <Midl Include="idl\boundplus.idl">
      <Filter>Source Files</Filter>
    </Midl>
    <Midl Include="idl\common.idl">
      <Filter>Source Files</Filter>
    </Midl>
    <Midl Include="idl\fileplus.idl">
      <Filter>Source Files</Filter>
    </Midl>
    <Midl Include="idl\freewill.idl">
      <Filter>Source Files</Filter>
    </Midl>
    <Midl Include="idl\kineplus.idl">
      <Filter>Source Files</Filter>
    </Midl>
    <Midl Include="idl\matplus.idl">
      <Filter>Source Files</Filter>
    </Midl>
    <Midl Include="idl\meshplus.idl">
      <Filter>Source Files</Filter>
    </Midl>
    <Midl Include="idl\rndrplus.idl">
      <Filter>Source Files</Filter>
    </Midl>
    <Midl Include="idl\sceneplus.idl">
      <Filter>Source Files</Filter>
    </Midl>
    <Midl Include="idl\transplus.idl">
      <Filter>Source Files</Filter>
    </Midl>
  </ItemGroup>
  <ItemGroup>
    <None Include="freewill.def">
      <Filter>Source Files</Filter>
    </None>
  </ItemGroup>
</Project>